
Microsoft Visual Studio Solution File, Format Version 12.00
Project("{FAE04EC0-301F-11D3-BF4B-00C04F79EFBC}") = "Checkpoint_02", "Checkpoint_02.csproj", "{CAA8016F-00F4-4176-BFA6-9A510370FAC6}"
EndProject
Global
	GlobalSection(SolutionConfigurationPlatforms) = preSolution
		Debug|Any CPU = Debug|Any CPU
		Release|Any CPU = Release|Any CPU
	EndGlobalSection
	GlobalSection(ProjectConfigurationPlatforms) = postSolution
		{CAA8016F-00F4-4176-BFA6-9A510370FAC6}.Debug|Any CPU.ActiveCfg = Debug|Any CPU
		{CAA8016F-00F4-4176-BFA6-9A510370FAC6}.Debug|Any CPU.Build.0 = Debug|Any CPU
		{CAA8016F-00F4-4176-BFA6-9A510370FAC6}.Release|Any CPU.ActiveCfg = Release|Any CPU
		{CAA8016F-00F4-4176-BFA6-9A510370FAC6}.Release|Any CPU.Build.0 = Release|Any CPU
	EndGlobalSection
EndGlobal
