
Microsoft Visual Studio Solution File, Format Version 12.00
Project("{FAE04EC0-301F-11D3-BF4B-00C04F79EFBC}") = "ConceitosIniciais", "ConceitosIniciais.csproj", "{F55E7E8B-B262-47E8-BC8F-277A3246B8A8}"
EndProject
Global
	GlobalSection(SolutionConfigurationPlatforms) = preSolution
		Debug|Any CPU = Debug|Any CPU
		Release|Any CPU = Release|Any CPU
	EndGlobalSection
	GlobalSection(ProjectConfigurationPlatforms) = postSolution
		{F55E7E8B-B262-47E8-BC8F-277A3246B8A8}.Debug|Any CPU.ActiveCfg = Debug|Any CPU
		{F55E7E8B-B262-47E8-BC8F-277A3246B8A8}.Debug|Any CPU.Build.0 = Debug|Any CPU
		{F55E7E8B-B262-47E8-BC8F-277A3246B8A8}.Release|Any CPU.ActiveCfg = Release|Any CPU
		{F55E7E8B-B262-47E8-BC8F-277A3246B8A8}.Release|Any CPU.Build.0 = Release|Any CPU
	EndGlobalSection
EndGlobal
